
Microsoft Visual Studio Solution File, Format Version 12.00
# Visual Studio Version 16
VisualStudioVersion = 16.0.28729.10
MinimumVisualStudioVersion = 10.0.40219.1
Project("{FAE04EC0-301F-11D3-BF4B-00C04F79EFBC}") = "RDKHomeSolutions.Website", "RDKHomeSolutions.Website\RDKHomeSolutions.Website.csproj", "{1BE0683C-7664-410C-941F-118516C73063}"
EndProject
Project("{FAE04EC0-301F-11D3-BF4B-00C04F79EFBC}") = "RDKHomeSolutions.BL", "RDKHomeSolutions.BL\RDKHomeSolutions.BL.csproj", "{5CB06234-F161-41BA-8F8A-8A99A7A61180}"
EndProject
Project("{FAE04EC0-301F-11D3-BF4B-00C04F79EFBC}") = "RDKHomeSolutions.DAL", "RDKHomeSolutions.DAL\RDKHomeSolutions.DAL.csproj", "{66514B03-A2A6-4AE8-A23D-589F09B757C2}"
EndProject
Project("{00D1A9C2-B5F0-4AF3-8072-F6C62B433612}") = "RDKHomeSolutions.DB", "RDKHomeSolutions.DB\RDKHomeSolutions.DB.sqlproj", "{08277F4C-3EB9-49B9-95CF-474EF2C181EB}"
EndProject
Project("{FAE04EC0-301F-11D3-BF4B-00C04F79EFBC}") = "RDKHomeSolutions.Website2", "RDKHomeSolutions.Website2\RDKHomeSolutions.Website2.csproj", "{EC834DFF-6356-4E19-AA83-F146FFD154D8}"
EndProject
Global
	GlobalSection(SolutionConfigurationPlatforms) = preSolution
		Debug|Any CPU = Debug|Any CPU
		Release|Any CPU = Release|Any CPU
	EndGlobalSection
	GlobalSection(ProjectConfigurationPlatforms) = postSolution
		{1BE0683C-7664-410C-941F-118516C73063}.Debug|Any CPU.ActiveCfg = Debug|Any CPU
		{1BE0683C-7664-410C-941F-118516C73063}.Debug|Any CPU.Build.0 = Debug|Any CPU
		{1BE0683C-7664-410C-941F-118516C73063}.Release|Any CPU.ActiveCfg = Release|Any CPU
		{1BE0683C-7664-410C-941F-118516C73063}.Release|Any CPU.Build.0 = Release|Any CPU
		{5CB06234-F161-41BA-8F8A-8A99A7A61180}.Debug|Any CPU.ActiveCfg = Debug|Any CPU
		{5CB06234-F161-41BA-8F8A-8A99A7A61180}.Debug|Any CPU.Build.0 = Debug|Any CPU
		{5CB06234-F161-41BA-8F8A-8A99A7A61180}.Release|Any CPU.ActiveCfg = Release|Any CPU
		{5CB06234-F161-41BA-8F8A-8A99A7A61180}.Release|Any CPU.Build.0 = Release|Any CPU
		{66514B03-A2A6-4AE8-A23D-589F09B757C2}.Debug|Any CPU.ActiveCfg = Debug|Any CPU
		{66514B03-A2A6-4AE8-A23D-589F09B757C2}.Debug|Any CPU.Build.0 = Debug|Any CPU
		{66514B03-A2A6-4AE8-A23D-589F09B757C2}.Release|Any CPU.ActiveCfg = Release|Any CPU
		{66514B03-A2A6-4AE8-A23D-589F09B757C2}.Release|Any CPU.Build.0 = Release|Any CPU
		{08277F4C-3EB9-49B9-95CF-474EF2C181EB}.Debug|Any CPU.ActiveCfg = Debug|Any CPU
		{08277F4C-3EB9-49B9-95CF-474EF2C181EB}.Debug|Any CPU.Build.0 = Debug|Any CPU
		{08277F4C-3EB9-49B9-95CF-474EF2C181EB}.Debug|Any CPU.Deploy.0 = Debug|Any CPU
		{08277F4C-3EB9-49B9-95CF-474EF2C181EB}.Release|Any CPU.ActiveCfg = Release|Any CPU
		{08277F4C-3EB9-49B9-95CF-474EF2C181EB}.Release|Any CPU.Build.0 = Release|Any CPU
		{08277F4C-3EB9-49B9-95CF-474EF2C181EB}.Release|Any CPU.Deploy.0 = Release|Any CPU
		{EC834DFF-6356-4E19-AA83-F146FFD154D8}.Debug|Any CPU.ActiveCfg = Debug|Any CPU
		{EC834DFF-6356-4E19-AA83-F146FFD154D8}.Debug|Any CPU.Build.0 = Debug|Any CPU
		{EC834DFF-6356-4E19-AA83-F146FFD154D8}.Release|Any CPU.ActiveCfg = Release|Any CPU
		{EC834DFF-6356-4E19-AA83-F146FFD154D8}.Release|Any CPU.Build.0 = Release|Any CPU
	EndGlobalSection
	GlobalSection(SolutionProperties) = preSolution
		HideSolutionNode = FALSE
	EndGlobalSection
	GlobalSection(ExtensibilityGlobals) = postSolution
		SolutionGuid = {6700B991-7C9E-4C27-81EF-684160626E5B}
	EndGlobalSection
EndGlobal
